%{
  "connection": {:hex, :connection, "1.1.0", "ff2a49c4b75b6fb3e674bfc5536451607270aac754ffd1bdfe175abe4a6d7a68", [:mix], [], "hexpm", "722c1eb0a418fbe91ba7bd59a47e28008a189d47e37e0e7bb85585a016b2869c"},
  "event_store_db_gpb_protobufs": {:hex, :event_store_db_gpb_protobufs, "2.4.0", "0496a12dc34e32ca7dcf8040800f7c36fd1ba7bc025c4bf1d9caf93b16010a7f", [:rebar3], [{:gpb, "~> 4.0", [hex: :gpb, repo: "hexpm", optional: false]}], "hexpm", "ea56330313ccbe2bf7f954690501dab54bdf65ffdfce606931139ec03b6c14c4"},
  "gpb": {:hex, :gpb, "4.21.3", "99cbd5bce894e9287a8f351210afdcd9d4b413087118a0d738b12a2d67d97591", [:make, :rebar3], [], "hexpm", "f31bf9ef24450c978e2010bcec12272049e14f122511a7ae1488aeba8a835158"},
  "hpax": {:hex, :hpax, "1.0.3", "ed67ef51ad4df91e75cc6a1494f851850c0bd98ebc0be6e81b026e765ee535aa", [:mix], [], "hexpm", "8eab6e1cfa8d5918c2ce4ba43588e894af35dbd8e91e6e55c817bca5847df34a"},
  "mint": {:hex, :mint, "1.7.1", "113fdb2b2f3b59e47c7955971854641c61f378549d73e829e1768de90fc1abf1", [:mix], [{:castore, "~> 0.1.0 or ~> 1.0", [hex: :castore, repo: "hexpm", optional: true]}, {:hpax, "~> 0.1.1 or ~> 0.2.0 or ~> 1.0", [hex: :hpax, repo: "hexpm", optional: false]}], "hexpm", "fceba0a4d0f24301ddee3024ae116df1c3f4bb7a563a731f45fdfeb9d39a231b"},
  "spear": {:hex, :spear, "1.4.1", "e2cca78677fcc6311eb22daf08c534997dd61d967b8a5c7c302b62d6ffef74ea", [:mix], [{:connection, "~> 1.0", [hex: :connection, repo: "hexpm", optional: false]}, {:event_store_db_gpb_protobufs, "~> 2.2", [hex: :event_store_db_gpb_protobufs, repo: "hexpm", optional: false]}, {:gpb, "~> 4.0", [hex: :gpb, repo: "hexpm", optional: false]}, {:jason, ">= 0.0.0", [hex: :jason, repo: "hexpm", optional: true]}, {:mint, "~> 1.0", [hex: :mint, repo: "hexpm", optional: false]}], "hexpm", "3cba7e2330524567f2ce45103c87ff3727563cf98ba0aec0b41a48337008528b"},
}
